
Microsoft Visual Studio Solution File, Format Version 12.00
# Visual Studio Version 17
VisualStudioVersion = 17.12.35707.178 d17.12
MinimumVisualStudioVersion = 10.0.40219.1
Project("{8BC9CEB8-8B4A-11D0-8D11-00A0C91BC942}") = "Graphics", "Graphics\Graphics.vcxproj", "{6E00E63D-764F-42B4-A050-CB3F6B8570A3}"
EndProject
Project("{2150E333-8FDC-42A3-9474-1A3956D46DE8}") = "Dependencies", "Dependencies", "{0D42D8EE-6BE1-4F87-8BBE-5FF5DBB20917}"
EndProject
Project("{8BC9CEB8-8B4A-11D0-8D11-00A0C91BC942}") = "Sandbox", "Sandbox\Sandbox.vcxproj", "{01B32E5D-9CC6-4E1F-9EA2-A2CB9FE7CA24}"
EndProject
Global
	GlobalSection(SolutionConfigurationPlatforms) = preSolution
		Debug|x64 = Debug|x64
		Debug|x86 = Debug|x86
		Release|x64 = Release|x64
		Release|x86 = Release|x86
	EndGlobalSection
	GlobalSection(ProjectConfigurationPlatforms) = postSolution
		{6E00E63D-764F-42B4-A050-CB3F6B8570A3}.Debug|x64.ActiveCfg = Debug|x64
		{6E00E63D-764F-42B4-A050-CB3F6B8570A3}.Debug|x64.Build.0 = Debug|x64
		{6E00E63D-764F-42B4-A050-CB3F6B8570A3}.Debug|x86.ActiveCfg = Debug|Win32
		{6E00E63D-764F-42B4-A050-CB3F6B8570A3}.Debug|x86.Build.0 = Debug|Win32
		{6E00E63D-764F-42B4-A050-CB3F6B8570A3}.Release|x64.ActiveCfg = Release|x64
		{6E00E63D-764F-42B4-A050-CB3F6B8570A3}.Release|x64.Build.0 = Release|x64
		{6E00E63D-764F-42B4-A050-CB3F6B8570A3}.Release|x86.ActiveCfg = Release|Win32
		{6E00E63D-764F-42B4-A050-CB3F6B8570A3}.Release|x86.Build.0 = Release|Win32
		{01B32E5D-9CC6-4E1F-9EA2-A2CB9FE7CA24}.Debug|x64.ActiveCfg = Debug|x64
		{01B32E5D-9CC6-4E1F-9EA2-A2CB9FE7CA24}.Debug|x64.Build.0 = Debug|x64
		{01B32E5D-9CC6-4E1F-9EA2-A2CB9FE7CA24}.Debug|x86.ActiveCfg = Debug|Win32
		{01B32E5D-9CC6-4E1F-9EA2-A2CB9FE7CA24}.Debug|x86.Build.0 = Debug|Win32
		{01B32E5D-9CC6-4E1F-9EA2-A2CB9FE7CA24}.Release|x64.ActiveCfg = Release|x64
		{01B32E5D-9CC6-4E1F-9EA2-A2CB9FE7CA24}.Release|x64.Build.0 = Release|x64
		{01B32E5D-9CC6-4E1F-9EA2-A2CB9FE7CA24}.Release|x86.ActiveCfg = Release|Win32
		{01B32E5D-9CC6-4E1F-9EA2-A2CB9FE7CA24}.Release|x86.Build.0 = Release|Win32
	EndGlobalSection
	GlobalSection(SolutionProperties) = preSolution
		HideSolutionNode = FALSE
	EndGlobalSection
EndGlobal
